
Microsoft Visual Studio Solution File, Format Version 11.00
# Visual Studio 2010
Project("{FAE04EC0-301F-11D3-BF4B-00C04F79EFBC}") = "SSORFwindows", "SSORFwindows\SSORFwindows\SSORFwindows.csproj", "{A8C233AC-7849-4FBB-B13B-67DDBE291B19}"
EndProject
Project("{FAE04EC0-301F-11D3-BF4B-00C04F79EFBC}") = "SSORFwindowsContent", "SSORFwindows\SSORFwindowsContent\SSORFwindowsContent.contentproj", "{F8163E22-B0D2-478B-8C24-376E212227C9}"
EndProject
Project("{FAE04EC0-301F-11D3-BF4B-00C04F79EFBC}") = "SSORFlibrary", "SSORFlibrary\SSORFlibrary.csproj", "{1EDD6E5C-17F1-4A94-BB6B-6767FD69737A}"
EndProject
Project("{FAE04EC0-301F-11D3-BF4B-00C04F79EFBC}") = "TerrainPipeline", "SSORFwindows\terrainContentPipeline\TerrainPipeline.csproj", "{C003D900-46C7-4AF5-AA99-A4B118EAC77D}"
EndProject
Project("{FAE04EC0-301F-11D3-BF4B-00C04F79EFBC}") = "LocationMapGenerator", "LocationMapGenerator\LocationMapGenerator.csproj", "{4907AED6-5F3F-4F49-A8D4-BAC24812368C}"
EndProject
Project("{FAE04EC0-301F-11D3-BF4B-00C04F79EFBC}") = "InstancedModelPipeline", "InstancedModelPipeline\InstancedModelPipeline.csproj", "{0080530B-EC73-4B40-B51E-E7D006EA4329}"
EndProject
Global
	GlobalSection(SolutionConfigurationPlatforms) = preSolution
		Debug|x86 = Debug|x86
		Release|x86 = Release|x86
	EndGlobalSection
	GlobalSection(ProjectConfigurationPlatforms) = postSolution
		{A8C233AC-7849-4FBB-B13B-67DDBE291B19}.Debug|x86.ActiveCfg = Debug|x86
		{A8C233AC-7849-4FBB-B13B-67DDBE291B19}.Debug|x86.Build.0 = Debug|x86
		{A8C233AC-7849-4FBB-B13B-67DDBE291B19}.Release|x86.ActiveCfg = Release|x86
		{A8C233AC-7849-4FBB-B13B-67DDBE291B19}.Release|x86.Build.0 = Release|x86
		{F8163E22-B0D2-478B-8C24-376E212227C9}.Debug|x86.ActiveCfg = Debug|x86
		{F8163E22-B0D2-478B-8C24-376E212227C9}.Release|x86.ActiveCfg = Release|x86
		{1EDD6E5C-17F1-4A94-BB6B-6767FD69737A}.Debug|x86.ActiveCfg = Debug|x86
		{1EDD6E5C-17F1-4A94-BB6B-6767FD69737A}.Debug|x86.Build.0 = Debug|x86
		{1EDD6E5C-17F1-4A94-BB6B-6767FD69737A}.Release|x86.ActiveCfg = Release|x86
		{1EDD6E5C-17F1-4A94-BB6B-6767FD69737A}.Release|x86.Build.0 = Release|x86
		{C003D900-46C7-4AF5-AA99-A4B118EAC77D}.Debug|x86.ActiveCfg = Debug|x86
		{C003D900-46C7-4AF5-AA99-A4B118EAC77D}.Debug|x86.Build.0 = Debug|x86
		{C003D900-46C7-4AF5-AA99-A4B118EAC77D}.Release|x86.ActiveCfg = Debug|x86
		{C003D900-46C7-4AF5-AA99-A4B118EAC77D}.Release|x86.Build.0 = Debug|x86
		{4907AED6-5F3F-4F49-A8D4-BAC24812368C}.Debug|x86.ActiveCfg = Debug|x86
		{4907AED6-5F3F-4F49-A8D4-BAC24812368C}.Debug|x86.Build.0 = Debug|x86
		{4907AED6-5F3F-4F49-A8D4-BAC24812368C}.Release|x86.ActiveCfg = Debug|x86
		{4907AED6-5F3F-4F49-A8D4-BAC24812368C}.Release|x86.Build.0 = Debug|x86
		{0080530B-EC73-4B40-B51E-E7D006EA4329}.Debug|x86.ActiveCfg = Debug|x86
		{0080530B-EC73-4B40-B51E-E7D006EA4329}.Debug|x86.Build.0 = Debug|x86
		{0080530B-EC73-4B40-B51E-E7D006EA4329}.Release|x86.ActiveCfg = Debug|x86
		{0080530B-EC73-4B40-B51E-E7D006EA4329}.Release|x86.Build.0 = Debug|x86
	EndGlobalSection
	GlobalSection(SolutionProperties) = preSolution
		HideSolutionNode = FALSE
	EndGlobalSection
EndGlobal
